Microsoft Visual Studio Solution File, Format Version 12.00
# Visual Studio Version 17
VisualStudioVersion = 17.5.2.0
MinimumVisualStudioVersion = 10.0.40219.1
Project("{FAE04EC0-301F-11D3-BF4B-00C04F79EFBC}") = "StudentInfoSite", "StudentInfoSite.csproj", "{093130B2-A601-148B-0C91-487BDB81DD6F}"
EndProject
Global
	GlobalSection(SolutionConfigurationPlatforms) = preSolution
		Debug|Any CPU = Debug|Any CPU
		Release|Any CPU = Release|Any CPU
	EndGlobalSection
	GlobalSection(ProjectConfigurationPlatforms) = postSolution
		{093130B2-A601-148B-0C91-487BDB81DD6F}.Debug|Any CPU.ActiveCfg = Debug|Any CPU
		{093130B2-A601-148B-0C91-487BDB81DD6F}.Debug|Any CPU.Build.0 = Debug|Any CPU
		{093130B2-A601-148B-0C91-487BDB81DD6F}.Release|Any CPU.ActiveCfg = Release|Any CPU
		{093130B2-A601-148B-0C91-487BDB81DD6F}.Release|Any CPU.Build.0 = Release|Any CPU
	EndGlobalSection
	GlobalSection(SolutionProperties) = preSolution
		HideSolutionNode = FALSE
	EndGlobalSection
	GlobalSection(ExtensibilityGlobals) = postSolution
		SolutionGuid = {1D37C89B-4998-4588-9136-2FE36A5882F9}
	EndGlobalSection
EndGlobal
